
Microsoft Visual Studio Solution File, Format Version 12.00
# Visual Studio 14
VisualStudioVersion = 14.0.25420.1
MinimumVisualStudioVersion = 10.0.40219.1
Project("{FAE04EC0-301F-11D3-BF4B-00C04F79EFBC}") = "02.AddTwoNumbers", "02.AddTwoNumbers\02.AddTwoNumbers.csproj", "{F9BA4BE0-8C6B-4F2E-9CAB-E6DA0582DB2B}"
EndProject
Project("{FAE04EC0-301F-11D3-BF4B-00C04F79EFBC}") = "03.EmployeeData", "03.EmployeeData\03.EmployeeData.csproj", "{256AF597-6351-42DA-87D3-6CECD1661652}"
EndProject
Project("{FAE04EC0-301F-11D3-BF4B-00C04F79EFBC}") = "01.Greeting", "01.Greeting\01.Greeting.csproj", "{7E61BC3F-A9F6-4F4C-BFA5-D291CC2245C4}"
EndProject
Global
	GlobalSection(SolutionConfigurationPlatforms) = preSolution
		Debug|Any CPU = Debug|Any CPU
		Release|Any CPU = Release|Any CPU
	EndGlobalSection
	GlobalSection(ProjectConfigurationPlatforms) = postSolution
		{F9BA4BE0-8C6B-4F2E-9CAB-E6DA0582DB2B}.Debug|Any CPU.ActiveCfg = Debug|Any CPU
		{F9BA4BE0-8C6B-4F2E-9CAB-E6DA0582DB2B}.Debug|Any CPU.Build.0 = Debug|Any CPU
		{F9BA4BE0-8C6B-4F2E-9CAB-E6DA0582DB2B}.Release|Any CPU.ActiveCfg = Release|Any CPU
		{F9BA4BE0-8C6B-4F2E-9CAB-E6DA0582DB2B}.Release|Any CPU.Build.0 = Release|Any CPU
		{256AF597-6351-42DA-87D3-6CECD1661652}.Debug|Any CPU.ActiveCfg = Debug|Any CPU
		{256AF597-6351-42DA-87D3-6CECD1661652}.Debug|Any CPU.Build.0 = Debug|Any CPU
		{256AF597-6351-42DA-87D3-6CECD1661652}.Release|Any CPU.ActiveCfg = Release|Any CPU
		{256AF597-6351-42DA-87D3-6CECD1661652}.Release|Any CPU.Build.0 = Release|Any CPU
		{7E61BC3F-A9F6-4F4C-BFA5-D291CC2245C4}.Debug|Any CPU.ActiveCfg = Debug|Any CPU
		{7E61BC3F-A9F6-4F4C-BFA5-D291CC2245C4}.Debug|Any CPU.Build.0 = Debug|Any CPU
		{7E61BC3F-A9F6-4F4C-BFA5-D291CC2245C4}.Release|Any CPU.ActiveCfg = Release|Any CPU
		{7E61BC3F-A9F6-4F4C-BFA5-D291CC2245C4}.Release|Any CPU.Build.0 = Release|Any CPU
	EndGlobalSection
	GlobalSection(SolutionProperties) = preSolution
		HideSolutionNode = FALSE
	EndGlobalSection
EndGlobal
